
Microsoft Visual Studio Solution File, Format Version 12.00
# Visual Studio 15
VisualStudioVersion = 15.0.28010.2041
MinimumVisualStudioVersion = 10.0.40219.1
Project("{FAE04EC0-301F-11D3-BF4B-00C04F79EFBC}") = "printer.Android", "printer\printer.Android\printer.Android.csproj", "{A237BB71-292C-4E7E-B0A0-E25E1BD4DBAB}"
EndProject
Project("{FAE04EC0-301F-11D3-BF4B-00C04F79EFBC}") = "printer.iOS", "printer\printer.iOS\printer.iOS.csproj", "{87C19EC7-C479-4803-A7F6-F3AEC8E5F9A0}"
EndProject
Project("{FAE04EC0-301F-11D3-BF4B-00C04F79EFBC}") = "printer.UWP", "printer\printer.UWP\printer.UWP.csproj", "{D41A1161-D310-4BB8-9E76-BA2D504A16FD}"
EndProject
Project("{FAE04EC0-301F-11D3-BF4B-00C04F79EFBC}") = "printer", "printer\printer\printer.csproj", "{884D0F7F-D3B7-4497-96A9-875DB754B8B4}"
EndProject
Global
	GlobalSection(SolutionConfigurationPlatforms) = preSolution
		Ad-Hoc|Any CPU = Ad-Hoc|Any CPU
		Ad-Hoc|ARM = Ad-Hoc|ARM
		Ad-Hoc|iPhone = Ad-Hoc|iPhone
		Ad-Hoc|iPhoneSimulator = Ad-Hoc|iPhoneSimulator
		Ad-Hoc|x64 = Ad-Hoc|x64
		Ad-Hoc|x86 = Ad-Hoc|x86
		AppStore|Any CPU = AppStore|Any CPU
		AppStore|ARM = AppStore|ARM
		AppStore|iPhone = AppStore|iPhone
		AppStore|iPhoneSimulator = AppStore|iPhoneSimulator
		AppStore|x64 = AppStore|x64
		AppStore|x86 = AppStore|x86
		Debug|Any CPU = Debug|Any CPU
		Debug|ARM = Debug|ARM
		Debug|iPhone = Debug|iPhone
		Debug|iPhoneSimulator = Debug|iPhoneSimulator
		Debug|x64 = Debug|x64
		Debug|x86 = Debug|x86
		Release|Any CPU = Release|Any CPU
		Release|ARM = Release|ARM
		Release|iPhone = Release|iPhone
		Release|iPhoneSimulator = Release|iPhoneSimulator
		Release|x64 = Release|x64
		Release|x86 = Release|x86
	EndGlobalSection
	GlobalSection(ProjectConfigurationPlatforms) = postSolution
		{A237BB71-292C-4E7E-B0A0-E25E1BD4DBAB}.Ad-Hoc|Any CPU.ActiveCfg = Release|Any CPU
		{A237BB71-292C-4E7E-B0A0-E25E1BD4DBAB}.Ad-Hoc|Any CPU.Build.0 = Release|Any CPU
		{A237BB71-292C-4E7E-B0A0-E25E1BD4DBAB}.Ad-Hoc|Any CPU.Deploy.0 = Release|Any CPU
		{A237BB71-292C-4E7E-B0A0-E25E1BD4DBAB}.Ad-Hoc|ARM.ActiveCfg = Release|Any CPU
		{A237BB71-292C-4E7E-B0A0-E25E1BD4DBAB}.Ad-Hoc|ARM.Build.0 = Release|Any CPU
		{A237BB71-292C-4E7E-B0A0-E25E1BD4DBAB}.Ad-Hoc|ARM.Deploy.0 = Release|Any CPU
		{A237BB71-292C-4E7E-B0A0-E25E1BD4DBAB}.Ad-Hoc|iPhone.ActiveCfg = Release|Any CPU
		{A237BB71-292C-4E7E-B0A0-E25E1BD4DBAB}.Ad-Hoc|iPhone.Build.0 = Release|Any CPU
		{A237BB71-292C-4E7E-B0A0-E25E1BD4DBAB}.Ad-Hoc|iPhone.Deploy.0 = Release|Any CPU
		{A237BB71-292C-4E7E-B0A0-E25E1BD4DBAB}.Ad-Hoc|iPhoneSimulator.ActiveCfg = Release|Any CPU
		{A237BB71-292C-4E7E-B0A0-E25E1BD4DBAB}.Ad-Hoc|iPhoneSimulator.Build.0 = Release|Any CPU
		{A237BB71-292C-4E7E-B0A0-E25E1BD4DBAB}.Ad-Hoc|iPhoneSimulator.Deploy.0 = Release|Any CPU
		{A237BB71-292C-4E7E-B0A0-E25E1BD4DBAB}.Ad-Hoc|x64.ActiveCfg = Release|Any CPU
		{A237BB71-292C-4E7E-B0A0-E25E1BD4DBAB}.Ad-Hoc|x64.Build.0 = Release|Any CPU
		{A237BB71-292C-4E7E-B0A0-E25E1BD4DBAB}.Ad-Hoc|x64.Deploy.0 = Release|Any CPU
		{A237BB71-292C-4E7E-B0A0-E25E1BD4DBAB}.Ad-Hoc|x86.ActiveCfg = Release|Any CPU
		{A237BB71-292C-4E7E-B0A0-E25E1BD4DBAB}.Ad-Hoc|x86.Build.0 = Release|Any CPU
		{A237BB71-292C-4E7E-B0A0-E25E1BD4DBAB}.Ad-Hoc|x86.Deploy.0 = Release|Any CPU
		{A237BB71-292C-4E7E-B0A0-E25E1BD4DBAB}.AppStore|Any CPU.ActiveCfg = Release|Any CPU
		{A237BB71-292C-4E7E-B0A0-E25E1BD4DBAB}.AppStore|Any CPU.Build.0 = Release|Any CPU
		{A237BB71-292C-4E7E-B0A0-E25E1BD4DBAB}.AppStore|Any CPU.Deploy.0 = Release|Any CPU
		{A237BB71-292C-4E7E-B0A0-E25E1BD4DBAB}.AppStore|ARM.ActiveCfg = Release|Any CPU
		{A237BB71-292C-4E7E-B0A0-E25E1BD4DBAB}.AppStore|ARM.Build.0 = Release|Any CPU
		{A237BB71-292C-4E7E-B0A0-E25E1BD4DBAB}.AppStore|ARM.Deploy.0 = Release|Any CPU
		{A237BB71-292C-4E7E-B0A0-E25E1BD4DBAB}.AppStore|iPhone.ActiveCfg = Release|Any CPU
		{A237BB71-292C-4E7E-B0A0-E25E1BD4DBAB}.AppStore|iPhone.Build.0 = Release|Any CPU
		{A237BB71-292C-4E7E-B0A0-E25E1BD4DBAB}.AppStore|iPhone.Deploy.0 = Release|Any CPU
		{A237BB71-292C-4E7E-B0A0-E25E1BD4DBAB}.AppStore|iPhoneSimulator.ActiveCfg = Release|Any CPU
		{A237BB71-292C-4E7E-B0A0-E25E1BD4DBAB}.AppStore|iPhoneSimulator.Build.0 = Release|Any CPU
		{A237BB71-292C-4E7E-B0A0-E25E1BD4DBAB}.AppStore|iPhoneSimulator.Deploy.0 = Release|Any CPU
		{A237BB71-292C-4E7E-B0A0-E25E1BD4DBAB}.AppStore|x64.ActiveCfg = Release|Any CPU
		{A237BB71-292C-4E7E-B0A0-E25E1BD4DBAB}.AppStore|x64.Build.0 = Release|Any CPU
		{A237BB71-292C-4E7E-B0A0-E25E1BD4DBAB}.AppStore|x64.Deploy.0 = Release|Any CPU
		{A237BB71-292C-4E7E-B0A0-E25E1BD4DBAB}.AppStore|x86.ActiveCfg = Release|Any CPU
		{A237BB71-292C-4E7E-B0A0-E25E1BD4DBAB}.AppStore|x86.Build.0 = Release|Any CPU
		{A237BB71-292C-4E7E-B0A0-E25E1BD4DBAB}.AppStore|x86.Deploy.0 = Release|Any CPU
		{A237BB71-292C-4E7E-B0A0-E25E1BD4DBAB}.Debug|Any CPU.ActiveCfg = Debug|Any CPU
		{A237BB71-292C-4E7E-B0A0-E25E1BD4DBAB}.Debug|Any CPU.Build.0 = Debug|Any CPU
		{A237BB71-292C-4E7E-B0A0-E25E1BD4DBAB}.Debug|Any CPU.Deploy.0 = Debug|Any CPU
		{A237BB71-292C-4E7E-B0A0-E25E1BD4DBAB}.Debug|ARM.ActiveCfg = Debug|Any CPU
		{A237BB71-292C-4E7E-B0A0-E25E1BD4DBAB}.Debug|ARM.Build.0 = Debug|Any CPU
		{A237BB71-292C-4E7E-B0A0-E25E1BD4DBAB}.Debug|ARM.Deploy.0 = Debug|Any CPU
		{A237BB71-292C-4E7E-B0A0-E25E1BD4DBAB}.Debug|iPhone.ActiveCfg = Debug|Any CPU
		{A237BB71-292C-4E7E-B0A0-E25E1BD4DBAB}.Debug|iPhone.Build.0 = Debug|Any CPU
		{A237BB71-292C-4E7E-B0A0-E25E1BD4DBAB}.Debug|iPhone.Deploy.0 = Debug|Any CPU
		{A237BB71-292C-4E7E-B0A0-E25E1BD4DBAB}.Debug|iPhoneSimulator.ActiveCfg = Debug|Any CPU
		{A237BB71-292C-4E7E-B0A0-E25E1BD4DBAB}.Debug|iPhoneSimulator.Build.0 = Debug|Any CPU
		{A237BB71-292C-4E7E-B0A0-E25E1BD4DBAB}.Debug|iPhoneSimulator.Deploy.0 = Debug|Any CPU
		{A237BB71-292C-4E7E-B0A0-E25E1BD4DBAB}.Debug|x64.ActiveCfg = Debug|Any CPU
		{A237BB71-292C-4E7E-B0A0-E25E1BD4DBAB}.Debug|x64.Build.0 = Debug|Any CPU
		{A237BB71-292C-4E7E-B0A0-E25E1BD4DBAB}.Debug|x64.Deploy.0 = Debug|Any CPU
		{A237BB71-292C-4E7E-B0A0-E25E1BD4DBAB}.Debug|x86.ActiveCfg = Debug|Any CPU
		{A237BB71-292C-4E7E-B0A0-E25E1BD4DBAB}.Debug|x86.Build.0 = Debug|Any CPU
		{A237BB71-292C-4E7E-B0A0-E25E1BD4DBAB}.Debug|x86.Deploy.0 = Debug|Any CPU
		{A237BB71-292C-4E7E-B0A0-E25E1BD4DBAB}.Release|Any CPU.ActiveCfg = Release|Any CPU
		{A237BB71-292C-4E7E-B0A0-E25E1BD4DBAB}.Release|Any CPU.Build.0 = Release|Any CPU
		{A237BB71-292C-4E7E-B0A0-E25E1BD4DBAB}.Release|Any CPU.Deploy.0 = Release|Any CPU
		{A237BB71-292C-4E7E-B0A0-E25E1BD4DBAB}.Release|ARM.ActiveCfg = Release|Any CPU
		{A237BB71-292C-4E7E-B0A0-E25E1BD4DBAB}.Release|ARM.Build.0 = Release|Any CPU
		{A237BB71-292C-4E7E-B0A0-E25E1BD4DBAB}.Release|ARM.Deploy.0 = Release|Any CPU
		{A237BB71-292C-4E7E-B0A0-E25E1BD4DBAB}.Release|iPhone.ActiveCfg = Release|Any CPU
		{A237BB71-292C-4E7E-B0A0-E25E1BD4DBAB}.Release|iPhone.Build.0 = Release|Any CPU
		{A237BB71-292C-4E7E-B0A0-E25E1BD4DBAB}.Release|iPhone.Deploy.0 = Release|Any CPU
		{A237BB71-292C-4E7E-B0A0-E25E1BD4DBAB}.Release|iPhoneSimulator.ActiveCfg = Release|Any CPU
		{A237BB71-292C-4E7E-B0A0-E25E1BD4DBAB}.Release|iPhoneSimulator.Build.0 = Release|Any CPU
		{A237BB71-292C-4E7E-B0A0-E25E1BD4DBAB}.Release|iPhoneSimulator.Deploy.0 = Release|Any CPU
		{A237BB71-292C-4E7E-B0A0-E25E1BD4DBAB}.Release|x64.ActiveCfg = Release|Any CPU
		{A237BB71-292C-4E7E-B0A0-E25E1BD4DBAB}.Release|x64.Build.0 = Release|Any CPU
		{A237BB71-292C-4E7E-B0A0-E25E1BD4DBAB}.Release|x64.Deploy.0 = Release|Any CPU
		{A237BB71-292C-4E7E-B0A0-E25E1BD4DBAB}.Release|x86.ActiveCfg = Release|Any CPU
		{A237BB71-292C-4E7E-B0A0-E25E1BD4DBAB}.Release|x86.Build.0 = Release|Any CPU
		{A237BB71-292C-4E7E-B0A0-E25E1BD4DBAB}.Release|x86.Deploy.0 = Release|Any CPU
		{87C19EC7-C479-4803-A7F6-F3AEC8E5F9A0}.Ad-Hoc|Any CPU.ActiveCfg = Ad-Hoc|iPhone
		{87C19EC7-C479-4803-A7F6-F3AEC8E5F9A0}.Ad-Hoc|Any CPU.Build.0 = Ad-Hoc|iPhone
		{87C19EC7-C479-4803-A7F6-F3AEC8E5F9A0}.Ad-Hoc|Any CPU.Deploy.0 = Ad-Hoc|iPhone
		{87C19EC7-C479-4803-A7F6-F3AEC8E5F9A0}.Ad-Hoc|ARM.ActiveCfg = Ad-Hoc|iPhone
		{87C19EC7-C479-4803-A7F6-F3AEC8E5F9A0}.Ad-Hoc|ARM.Build.0 = Ad-Hoc|iPhone
		{87C19EC7-C479-4803-A7F6-F3AEC8E5F9A0}.Ad-Hoc|ARM.Deploy.0 = Ad-Hoc|iPhone
		{87C19EC7-C479-4803-A7F6-F3AEC8E5F9A0}.Ad-Hoc|iPhone.ActiveCfg = Ad-Hoc|iPhone
		{87C19EC7-C479-4803-A7F6-F3AEC8E5F9A0}.Ad-Hoc|iPhone.Build.0 = Ad-Hoc|iPhone
		{87C19EC7-C479-4803-A7F6-F3AEC8E5F9A0}.Ad-Hoc|iPhone.Deploy.0 = Ad-Hoc|iPhone
		{87C19EC7-C479-4803-A7F6-F3AEC8E5F9A0}.Ad-Hoc|iPhoneSimulator.ActiveCfg = Ad-Hoc|iPhoneSimulator
		{87C19EC7-C479-4803-A7F6-F3AEC8E5F9A0}.Ad-Hoc|iPhoneSimulator.Build.0 = Ad-Hoc|iPhoneSimulator
		{87C19EC7-C479-4803-A7F6-F3AEC8E5F9A0}.Ad-Hoc|iPhoneSimulator.Deploy.0 = Ad-Hoc|iPhoneSimulator
		{87C19EC7-C479-4803-A7F6-F3AEC8E5F9A0}.Ad-Hoc|x64.ActiveCfg = Ad-Hoc|iPhone
		{87C19EC7-C479-4803-A7F6-F3AEC8E5F9A0}.Ad-Hoc|x64.Build.0 = Ad-Hoc|iPhone
		{87C19EC7-C479-4803-A7F6-F3AEC8E5F9A0}.Ad-Hoc|x64.Deploy.0 = Ad-Hoc|iPhone
		{87C19EC7-C479-4803-A7F6-F3AEC8E5F9A0}.Ad-Hoc|x86.ActiveCfg = Ad-Hoc|iPhone
		{87C19EC7-C479-4803-A7F6-F3AEC8E5F9A0}.Ad-Hoc|x86.Build.0 = Ad-Hoc|iPhone
		{87C19EC7-C479-4803-A7F6-F3AEC8E5F9A0}.Ad-Hoc|x86.Deploy.0 = Ad-Hoc|iPhone
		{87C19EC7-C479-4803-A7F6-F3AEC8E5F9A0}.AppStore|Any CPU.ActiveCfg = AppStore|iPhone
		{87C19EC7-C479-4803-A7F6-F3AEC8E5F9A0}.AppStore|Any CPU.Build.0 = AppStore|iPhone
		{87C19EC7-C479-4803-A7F6-F3AEC8E5F9A0}.AppStore|Any CPU.Deploy.0 = AppStore|iPhone
		{87C19EC7-C479-4803-A7F6-F3AEC8E5F9A0}.AppStore|ARM.ActiveCfg = AppStore|iPhone
		{87C19EC7-C479-4803-A7F6-F3AEC8E5F9A0}.AppStore|ARM.Build.0 = AppStore|iPhone
		{87C19EC7-C479-4803-A7F6-F3AEC8E5F9A0}.AppStore|ARM.Deploy.0 = AppStore|iPhone
		{87C19EC7-C479-4803-A7F6-F3AEC8E5F9A0}.AppStore|iPhone.ActiveCfg = AppStore|iPhone
		{87C19EC7-C479-4803-A7F6-F3AEC8E5F9A0}.AppStore|iPhone.Build.0 = AppStore|iPhone
		{87C19EC7-C479-4803-A7F6-F3AEC8E5F9A0}.AppStore|iPhone.Deploy.0 = AppStore|iPhone
		{87C19EC7-C479-4803-A7F6-F3AEC8E5F9A0}.AppStore|iPhoneSimulator.ActiveCfg = AppStore|iPhoneSimulator
		{87C19EC7-C479-4803-A7F6-F3AEC8E5F9A0}.AppStore|iPhoneSimulator.Build.0 = AppStore|iPhoneSimulator
		{87C19EC7-C479-4803-A7F6-F3AEC8E5F9A0}.AppStore|iPhoneSimulator.Deploy.0 = AppStore|iPhoneSimulator
		{87C19EC7-C479-4803-A7F6-F3AEC8E5F9A0}.AppStore|x64.ActiveCfg = AppStore|iPhone
		{87C19EC7-C479-4803-A7F6-F3AEC8E5F9A0}.AppStore|x64.Build.0 = AppStore|iPhone
		{87C19EC7-C479-4803-A7F6-F3AEC8E5F9A0}.AppStore|x64.Deploy.0 = AppStore|iPhone
		{87C19EC7-C479-4803-A7F6-F3AEC8E5F9A0}.AppStore|x86.ActiveCfg = AppStore|iPhone
		{87C19EC7-C479-4803-A7F6-F3AEC8E5F9A0}.AppStore|x86.Build.0 = AppStore|iPhone
		{87C19EC7-C479-4803-A7F6-F3AEC8E5F9A0}.AppStore|x86.Deploy.0 = AppStore|iPhone
		{87C19EC7-C479-4803-A7F6-F3AEC8E5F9A0}.Debug|Any CPU.ActiveCfg = Debug|iPhoneSimulator
		{87C19EC7-C479-4803-A7F6-F3AEC8E5F9A0}.Debug|Any CPU.Build.0 = Debug|iPhoneSimulator
		{87C19EC7-C479-4803-A7F6-F3AEC8E5F9A0}.Debug|Any CPU.Deploy.0 = Debug|iPhoneSimulator
		{87C19EC7-C479-4803-A7F6-F3AEC8E5F9A0}.Debug|ARM.ActiveCfg = Debug|iPhone
		{87C19EC7-C479-4803-A7F6-F3AEC8E5F9A0}.Debug|ARM.Build.0 = Debug|iPhone
		{87C19EC7-C479-4803-A7F6-F3AEC8E5F9A0}.Debug|ARM.Deploy.0 = Debug|iPhone
		{87C19EC7-C479-4803-A7F6-F3AEC8E5F9A0}.Debug|iPhone.ActiveCfg = Debug|iPhone
		{87C19EC7-C479-4803-A7F6-F3AEC8E5F9A0}.Debug|iPhone.Build.0 = Debug|iPhone
		{87C19EC7-C479-4803-A7F6-F3AEC8E5F9A0}.Debug|iPhone.Deploy.0 = Debug|iPhone
		{87C19EC7-C479-4803-A7F6-F3AEC8E5F9A0}.Debug|iPhoneSimulator.ActiveCfg = Debug|iPhoneSimulator
		{87C19EC7-C479-4803-A7F6-F3AEC8E5F9A0}.Debug|iPhoneSimulator.Build.0 = Debug|iPhoneSimulator
		{87C19EC7-C479-4803-A7F6-F3AEC8E5F9A0}.Debug|iPhoneSimulator.Deploy.0 = Debug|iPhoneSimulator
		{87C19EC7-C479-4803-A7F6-F3AEC8E5F9A0}.Debug|x64.ActiveCfg = Debug|iPhone
		{87C19EC7-C479-4803-A7F6-F3AEC8E5F9A0}.Debug|x64.Build.0 = Debug|iPhone
		{87C19EC7-C479-4803-A7F6-F3AEC8E5F9A0}.Debug|x64.Deploy.0 = Debug|iPhone
		{87C19EC7-C479-4803-A7F6-F3AEC8E5F9A0}.Debug|x86.ActiveCfg = Debug|iPhone
		{87C19EC7-C479-4803-A7F6-F3AEC8E5F9A0}.Debug|x86.Build.0 = Debug|iPhone
		{87C19EC7-C479-4803-A7F6-F3AEC8E5F9A0}.Debug|x86.Deploy.0 = Debug|iPhone
		{87C19EC7-C479-4803-A7F6-F3AEC8E5F9A0}.Release|Any CPU.ActiveCfg = Release|iPhone
		{87C19EC7-C479-4803-A7F6-F3AEC8E5F9A0}.Release|Any CPU.Build.0 = Release|iPhone
		{87C19EC7-C479-4803-A7F6-F3AEC8E5F9A0}.Release|Any CPU.Deploy.0 = Release|iPhone
		{87C19EC7-C479-4803-A7F6-F3AEC8E5F9A0}.Release|ARM.ActiveCfg = Release|iPhone
		{87C19EC7-C479-4803-A7F6-F3AEC8E5F9A0}.Release|ARM.Build.0 = Release|iPhone
		{87C19EC7-C479-4803-A7F6-F3AEC8E5F9A0}.Release|ARM.Deploy.0 = Release|iPhone
		{87C19EC7-C479-4803-A7F6-F3AEC8E5F9A0}.Release|iPhone.ActiveCfg = Release|iPhone
		{87C19EC7-C479-4803-A7F6-F3AEC8E5F9A0}.Release|iPhone.Build.0 = Release|iPhone
		{87C19EC7-C479-4803-A7F6-F3AEC8E5F9A0}.Release|iPhone.Deploy.0 = Release|iPhone
		{87C19EC7-C479-4803-A7F6-F3AEC8E5F9A0}.Release|iPhoneSimulator.ActiveCfg = Release|iPhoneSimulator
		{87C19EC7-C479-4803-A7F6-F3AEC8E5F9A0}.Release|iPhoneSimulator.Build.0 = Release|iPhoneSimulator
		{87C19EC7-C479-4803-A7F6-F3AEC8E5F9A0}.Release|iPhoneSimulator.Deploy.0 = Release|iPhoneSimulator
		{87C19EC7-C479-4803-A7F6-F3AEC8E5F9A0}.Release|x64.ActiveCfg = Release|iPhone
		{87C19EC7-C479-4803-A7F6-F3AEC8E5F9A0}.Release|x64.Build.0 = Release|iPhone
		{87C19EC7-C479-4803-A7F6-F3AEC8E5F9A0}.Release|x64.Deploy.0 = Release|iPhone
		{87C19EC7-C479-4803-A7F6-F3AEC8E5F9A0}.Release|x86.ActiveCfg = Release|iPhone
		{87C19EC7-C479-4803-A7F6-F3AEC8E5F9A0}.Release|x86.Build.0 = Release|iPhone
		{87C19EC7-C479-4803-A7F6-F3AEC8E5F9A0}.Release|x86.Deploy.0 = Release|iPhone
		{D41A1161-D310-4BB8-9E76-BA2D504A16FD}.Ad-Hoc|Any CPU.ActiveCfg = Release|x86
		{D41A1161-D310-4BB8-9E76-BA2D504A16FD}.Ad-Hoc|Any CPU.Build.0 = Release|x86
		{D41A1161-D310-4BB8-9E76-BA2D504A16FD}.Ad-Hoc|Any CPU.Deploy.0 = Release|x86
		{D41A1161-D310-4BB8-9E76-BA2D504A16FD}.Ad-Hoc|ARM.ActiveCfg = Release|ARM
		{D41A1161-D310-4BB8-9E76-BA2D504A16FD}.Ad-Hoc|ARM.Build.0 = Release|ARM
		{D41A1161-D310-4BB8-9E76-BA2D504A16FD}.Ad-Hoc|ARM.Deploy.0 = Release|ARM
		{D41A1161-D310-4BB8-9E76-BA2D504A16FD}.Ad-Hoc|iPhone.ActiveCfg = Release|x86
		{D41A1161-D310-4BB8-9E76-BA2D504A16FD}.Ad-Hoc|iPhone.Build.0 = Release|x86
		{D41A1161-D310-4BB8-9E76-BA2D504A16FD}.Ad-Hoc|iPhone.Deploy.0 = Release|x86
		{D41A1161-D310-4BB8-9E76-BA2D504A16FD}.Ad-Hoc|iPhoneSimulator.ActiveCfg = Release|x86
		{D41A1161-D310-4BB8-9E76-BA2D504A16FD}.Ad-Hoc|iPhoneSimulator.Build.0 = Release|x86
		{D41A1161-D310-4BB8-9E76-BA2D504A16FD}.Ad-Hoc|iPhoneSimulator.Deploy.0 = Release|x86
		{D41A1161-D310-4BB8-9E76-BA2D504A16FD}.Ad-Hoc|x64.ActiveCfg = Release|x64
		{D41A1161-D310-4BB8-9E76-BA2D504A16FD}.Ad-Hoc|x64.Build.0 = Release|x64
		{D41A1161-D310-4BB8-9E76-BA2D504A16FD}.Ad-Hoc|x64.Deploy.0 = Release|x64
		{D41A1161-D310-4BB8-9E76-BA2D504A16FD}.Ad-Hoc|x86.ActiveCfg = Release|x86
		{D41A1161-D310-4BB8-9E76-BA2D504A16FD}.Ad-Hoc|x86.Build.0 = Release|x86
		{D41A1161-D310-4BB8-9E76-BA2D504A16FD}.Ad-Hoc|x86.Deploy.0 = Release|x86
		{D41A1161-D310-4BB8-9E76-BA2D504A16FD}.AppStore|Any CPU.ActiveCfg = Release|x86
		{D41A1161-D310-4BB8-9E76-BA2D504A16FD}.AppStore|Any CPU.Build.0 = Release|x86
		{D41A1161-D310-4BB8-9E76-BA2D504A16FD}.AppStore|Any CPU.Deploy.0 = Release|x86
		{D41A1161-D310-4BB8-9E76-BA2D504A16FD}.AppStore|ARM.ActiveCfg = Release|ARM
		{D41A1161-D310-4BB8-9E76-BA2D504A16FD}.AppStore|ARM.Build.0 = Release|ARM
		{D41A1161-D310-4BB8-9E76-BA2D504A16FD}.AppStore|ARM.Deploy.0 = Release|ARM
		{D41A1161-D310-4BB8-9E76-BA2D504A16FD}.AppStore|iPhone.ActiveCfg = Release|x86
		{D41A1161-D310-4BB8-9E76-BA2D504A16FD}.AppStore|iPhone.Build.0 = Release|x86
		{D41A1161-D310-4BB8-9E76-BA2D504A16FD}.AppStore|iPhone.Deploy.0 = Release|x86
		{D41A1161-D310-4BB8-9E76-BA2D504A16FD}.AppStore|iPhoneSimulator.ActiveCfg = Release|x86
		{D41A1161-D310-4BB8-9E76-BA2D504A16FD}.AppStore|iPhoneSimulator.Build.0 = Release|x86
		{D41A1161-D310-4BB8-9E76-BA2D504A16FD}.AppStore|iPhoneSimulator.Deploy.0 = Release|x86
		{D41A1161-D310-4BB8-9E76-BA2D504A16FD}.AppStore|x64.ActiveCfg = Release|x64
		{D41A1161-D310-4BB8-9E76-BA2D504A16FD}.AppStore|x64.Build.0 = Release|x64
		{D41A1161-D310-4BB8-9E76-BA2D504A16FD}.AppStore|x64.Deploy.0 = Release|x64
		{D41A1161-D310-4BB8-9E76-BA2D504A16FD}.AppStore|x86.ActiveCfg = Release|x86
		{D41A1161-D310-4BB8-9E76-BA2D504A16FD}.AppStore|x86.Build.0 = Release|x86
		{D41A1161-D310-4BB8-9E76-BA2D504A16FD}.AppStore|x86.Deploy.0 = Release|x86
		{D41A1161-D310-4BB8-9E76-BA2D504A16FD}.Debug|Any CPU.ActiveCfg = Debug|x86
		{D41A1161-D310-4BB8-9E76-BA2D504A16FD}.Debug|Any CPU.Build.0 = Debug|x86
		{D41A1161-D310-4BB8-9E76-BA2D504A16FD}.Debug|Any CPU.Deploy.0 = Debug|x86
		{D41A1161-D310-4BB8-9E76-BA2D504A16FD}.Debug|ARM.ActiveCfg = Debug|ARM
		{D41A1161-D310-4BB8-9E76-BA2D504A16FD}.Debug|ARM.Build.0 = Debug|ARM
		{D41A1161-D310-4BB8-9E76-BA2D504A16FD}.Debug|ARM.Deploy.0 = Debug|ARM
		{D41A1161-D310-4BB8-9E76-BA2D504A16FD}.Debug|iPhone.ActiveCfg = Debug|x86
		{D41A1161-D310-4BB8-9E76-BA2D504A16FD}.Debug|iPhone.Build.0 = Debug|x86
		{D41A1161-D310-4BB8-9E76-BA2D504A16FD}.Debug|iPhone.Deploy.0 = Debug|x86
		{D41A1161-D310-4BB8-9E76-BA2D504A16FD}.Debug|iPhoneSimulator.ActiveCfg = Debug|x86
		{D41A1161-D310-4BB8-9E76-BA2D504A16FD}.Debug|iPhoneSimulator.Build.0 = Debug|x86
		{D41A1161-D310-4BB8-9E76-BA2D504A16FD}.Debug|iPhoneSimulator.Deploy.0 = Debug|x86
		{D41A1161-D310-4BB8-9E76-BA2D504A16FD}.Debug|x64.ActiveCfg = Debug|x64
		{D41A1161-D310-4BB8-9E76-BA2D504A16FD}.Debug|x64.Build.0 = Debug|x64
		{D41A1161-D310-4BB8-9E76-BA2D504A16FD}.Debug|x64.Deploy.0 = Debug|x64
		{D41A1161-D310-4BB8-9E76-BA2D504A16FD}.Debug|x86.ActiveCfg = Debug|x86
		{D41A1161-D310-4BB8-9E76-BA2D504A16FD}.Debug|x86.Build.0 = Debug|x86
		{D41A1161-D310-4BB8-9E76-BA2D504A16FD}.Debug|x86.Deploy.0 = Debug|x86
		{D41A1161-D310-4BB8-9E76-BA2D504A16FD}.Release|Any CPU.ActiveCfg = Release|x86
		{D41A1161-D310-4BB8-9E76-BA2D504A16FD}.Release|Any CPU.Build.0 = Release|x86
		{D41A1161-D310-4BB8-9E76-BA2D504A16FD}.Release|Any CPU.Deploy.0 = Release|x86
		{D41A1161-D310-4BB8-9E76-BA2D504A16FD}.Release|ARM.ActiveCfg = Release|ARM
		{D41A1161-D310-4BB8-9E76-BA2D504A16FD}.Release|ARM.Build.0 = Release|ARM
		{D41A1161-D310-4BB8-9E76-BA2D504A16FD}.Release|ARM.Deploy.0 = Release|ARM
		{D41A1161-D310-4BB8-9E76-BA2D504A16FD}.Release|iPhone.ActiveCfg = Release|x86
		{D41A1161-D310-4BB8-9E76-BA2D504A16FD}.Release|iPhone.Build.0 = Release|x86
		{D41A1161-D310-4BB8-9E76-BA2D504A16FD}.Release|iPhone.Deploy.0 = Release|x86
		{D41A1161-D310-4BB8-9E76-BA2D504A16FD}.Release|iPhoneSimulator.ActiveCfg = Release|x86
		{D41A1161-D310-4BB8-9E76-BA2D504A16FD}.Release|iPhoneSimulator.Build.0 = Release|x86
		{D41A1161-D310-4BB8-9E76-BA2D504A16FD}.Release|iPhoneSimulator.Deploy.0 = Release|x86
		{D41A1161-D310-4BB8-9E76-BA2D504A16FD}.Release|x64.ActiveCfg = Release|x64
		{D41A1161-D310-4BB8-9E76-BA2D504A16FD}.Release|x64.Build.0 = Release|x64
		{D41A1161-D310-4BB8-9E76-BA2D504A16FD}.Release|x64.Deploy.0 = Release|x64
		{D41A1161-D310-4BB8-9E76-BA2D504A16FD}.Release|x86.ActiveCfg = Release|x86
		{D41A1161-D310-4BB8-9E76-BA2D504A16FD}.Release|x86.Build.0 = Release|x86
		{D41A1161-D310-4BB8-9E76-BA2D504A16FD}.Release|x86.Deploy.0 = Release|x86
		{884D0F7F-D3B7-4497-96A9-875DB754B8B4}.Ad-Hoc|Any CPU.ActiveCfg = Debug|Any CPU
		{884D0F7F-D3B7-4497-96A9-875DB754B8B4}.Ad-Hoc|Any CPU.Build.0 = Debug|Any CPU
		{884D0F7F-D3B7-4497-96A9-875DB754B8B4}.Ad-Hoc|Any CPU.Deploy.0 = Debug|Any CPU
		{884D0F7F-D3B7-4497-96A9-875DB754B8B4}.Ad-Hoc|ARM.ActiveCfg = Debug|Any CPU
		{884D0F7F-D3B7-4497-96A9-875DB754B8B4}.Ad-Hoc|ARM.Build.0 = Debug|Any CPU
		{884D0F7F-D3B7-4497-96A9-875DB754B8B4}.Ad-Hoc|ARM.Deploy.0 = Debug|Any CPU
		{884D0F7F-D3B7-4497-96A9-875DB754B8B4}.Ad-Hoc|iPhone.ActiveCfg = Debug|Any CPU
		{884D0F7F-D3B7-4497-96A9-875DB754B8B4}.Ad-Hoc|iPhone.Build.0 = Debug|Any CPU
		{884D0F7F-D3B7-4497-96A9-875DB754B8B4}.Ad-Hoc|iPhone.Deploy.0 = Debug|Any CPU
		{884D0F7F-D3B7-4497-96A9-875DB754B8B4}.Ad-Hoc|iPhoneSimulator.ActiveCfg = Debug|Any CPU
		{884D0F7F-D3B7-4497-96A9-875DB754B8B4}.Ad-Hoc|iPhoneSimulator.Build.0 = Debug|Any CPU
		{884D0F7F-D3B7-4497-96A9-875DB754B8B4}.Ad-Hoc|iPhoneSimulator.Deploy.0 = Debug|Any CPU
		{884D0F7F-D3B7-4497-96A9-875DB754B8B4}.Ad-Hoc|x64.ActiveCfg = Debug|Any CPU
		{884D0F7F-D3B7-4497-96A9-875DB754B8B4}.Ad-Hoc|x64.Build.0 = Debug|Any CPU
		{884D0F7F-D3B7-4497-96A9-875DB754B8B4}.Ad-Hoc|x64.Deploy.0 = Debug|Any CPU
		{884D0F7F-D3B7-4497-96A9-875DB754B8B4}.Ad-Hoc|x86.ActiveCfg = Debug|Any CPU
		{884D0F7F-D3B7-4497-96A9-875DB754B8B4}.Ad-Hoc|x86.Build.0 = Debug|Any CPU
		{884D0F7F-D3B7-4497-96A9-875DB754B8B4}.Ad-Hoc|x86.Deploy.0 = Debug|Any CPU
		{884D0F7F-D3B7-4497-96A9-875DB754B8B4}.AppStore|Any CPU.ActiveCfg = Debug|Any CPU
		{884D0F7F-D3B7-4497-96A9-875DB754B8B4}.AppStore|Any CPU.Build.0 = Debug|Any CPU
		{884D0F7F-D3B7-4497-96A9-875DB754B8B4}.AppStore|Any CPU.Deploy.0 = Debug|Any CPU
		{884D0F7F-D3B7-4497-96A9-875DB754B8B4}.AppStore|ARM.ActiveCfg = Debug|Any CPU
		{884D0F7F-D3B7-4497-96A9-875DB754B8B4}.AppStore|ARM.Build.0 = Debug|Any CPU
		{884D0F7F-D3B7-4497-96A9-875DB754B8B4}.AppStore|ARM.Deploy.0 = Debug|Any CPU
		{884D0F7F-D3B7-4497-96A9-875DB754B8B4}.AppStore|iPhone.ActiveCfg = Debug|Any CPU
		{884D0F7F-D3B7-4497-96A9-875DB754B8B4}.AppStore|iPhone.Build.0 = Debug|Any CPU
		{884D0F7F-D3B7-4497-96A9-875DB754B8B4}.AppStore|iPhone.Deploy.0 = Debug|Any CPU
		{884D0F7F-D3B7-4497-96A9-875DB754B8B4}.AppStore|iPhoneSimulator.ActiveCfg = Debug|Any CPU
		{884D0F7F-D3B7-4497-96A9-875DB754B8B4}.AppStore|iPhoneSimulator.Build.0 = Debug|Any CPU
		{884D0F7F-D3B7-4497-96A9-875DB754B8B4}.AppStore|iPhoneSimulator.Deploy.0 = Debug|Any CPU
		{884D0F7F-D3B7-4497-96A9-875DB754B8B4}.AppStore|x64.ActiveCfg = Debug|Any CPU
		{884D0F7F-D3B7-4497-96A9-875DB754B8B4}.AppStore|x64.Build.0 = Debug|Any CPU
		{884D0F7F-D3B7-4497-96A9-875DB754B8B4}.AppStore|x64.Deploy.0 = Debug|Any CPU
		{884D0F7F-D3B7-4497-96A9-875DB754B8B4}.AppStore|x86.ActiveCfg = Debug|Any CPU
		{884D0F7F-D3B7-4497-96A9-875DB754B8B4}.AppStore|x86.Build.0 = Debug|Any CPU
		{884D0F7F-D3B7-4497-96A9-875DB754B8B4}.AppStore|x86.Deploy.0 = Debug|Any CPU
		{884D0F7F-D3B7-4497-96A9-875DB754B8B4}.Debug|Any CPU.ActiveCfg = Debug|Any CPU
		{884D0F7F-D3B7-4497-96A9-875DB754B8B4}.Debug|Any CPU.Build.0 = Debug|Any CPU
		{884D0F7F-D3B7-4497-96A9-875DB754B8B4}.Debug|Any CPU.Deploy.0 = Debug|Any CPU
		{884D0F7F-D3B7-4497-96A9-875DB754B8B4}.Debug|ARM.ActiveCfg = Debug|Any CPU
		{884D0F7F-D3B7-4497-96A9-875DB754B8B4}.Debug|ARM.Build.0 = Debug|Any CPU
		{884D0F7F-D3B7-4497-96A9-875DB754B8B4}.Debug|ARM.Deploy.0 = Debug|Any CPU
		{884D0F7F-D3B7-4497-96A9-875DB754B8B4}.Debug|iPhone.ActiveCfg = Debug|Any CPU
		{884D0F7F-D3B7-4497-96A9-875DB754B8B4}.Debug|iPhone.Build.0 = Debug|Any CPU
		{884D0F7F-D3B7-4497-96A9-875DB754B8B4}.Debug|iPhone.Deploy.0 = Debug|Any CPU
		{884D0F7F-D3B7-4497-96A9-875DB754B8B4}.Debug|iPhoneSimulator.ActiveCfg = Debug|Any CPU
		{884D0F7F-D3B7-4497-96A9-875DB754B8B4}.Debug|iPhoneSimulator.Build.0 = Debug|Any CPU
		{884D0F7F-D3B7-4497-96A9-875DB754B8B4}.Debug|iPhoneSimulator.Deploy.0 = Debug|Any CPU
		{884D0F7F-D3B7-4497-96A9-875DB754B8B4}.Debug|x64.ActiveCfg = Debug|Any CPU
		{884D0F7F-D3B7-4497-96A9-875DB754B8B4}.Debug|x64.Build.0 = Debug|Any CPU
		{884D0F7F-D3B7-4497-96A9-875DB754B8B4}.Debug|x64.Deploy.0 = Debug|Any CPU
		{884D0F7F-D3B7-4497-96A9-875DB754B8B4}.Debug|x86.ActiveCfg = Debug|Any CPU
		{884D0F7F-D3B7-4497-96A9-875DB754B8B4}.Debug|x86.Build.0 = Debug|Any CPU
		{884D0F7F-D3B7-4497-96A9-875DB754B8B4}.Debug|x86.Deploy.0 = Debug|Any CPU
		{884D0F7F-D3B7-4497-96A9-875DB754B8B4}.Release|Any CPU.ActiveCfg = Release|Any CPU
		{884D0F7F-D3B7-4497-96A9-875DB754B8B4}.Release|Any CPU.Build.0 = Release|Any CPU
		{884D0F7F-D3B7-4497-96A9-875DB754B8B4}.Release|Any CPU.Deploy.0 = Release|Any CPU
		{884D0F7F-D3B7-4497-96A9-875DB754B8B4}.Release|ARM.ActiveCfg = Release|Any CPU
		{884D0F7F-D3B7-4497-96A9-875DB754B8B4}.Release|ARM.Build.0 = Release|Any CPU
		{884D0F7F-D3B7-4497-96A9-875DB754B8B4}.Release|ARM.Deploy.0 = Release|Any CPU
		{884D0F7F-D3B7-4497-96A9-875DB754B8B4}.Release|iPhone.ActiveCfg = Release|Any CPU
		{884D0F7F-D3B7-4497-96A9-875DB754B8B4}.Release|iPhone.Build.0 = Release|Any CPU
		{884D0F7F-D3B7-4497-96A9-875DB754B8B4}.Release|iPhone.Deploy.0 = Release|Any CPU
		{884D0F7F-D3B7-4497-96A9-875DB754B8B4}.Release|iPhoneSimulator.ActiveCfg = Release|Any CPU
		{884D0F7F-D3B7-4497-96A9-875DB754B8B4}.Release|iPhoneSimulator.Build.0 = Release|Any CPU
		{884D0F7F-D3B7-4497-96A9-875DB754B8B4}.Release|iPhoneSimulator.Deploy.0 = Release|Any CPU
		{884D0F7F-D3B7-4497-96A9-875DB754B8B4}.Release|x64.ActiveCfg = Release|Any CPU
		{884D0F7F-D3B7-4497-96A9-875DB754B8B4}.Release|x64.Build.0 = Release|Any CPU
		{884D0F7F-D3B7-4497-96A9-875DB754B8B4}.Release|x64.Deploy.0 = Release|Any CPU
		{884D0F7F-D3B7-4497-96A9-875DB754B8B4}.Release|x86.ActiveCfg = Release|Any CPU
		{884D0F7F-D3B7-4497-96A9-875DB754B8B4}.Release|x86.Build.0 = Release|Any CPU
		{884D0F7F-D3B7-4497-96A9-875DB754B8B4}.Release|x86.Deploy.0 = Release|Any CPU
	EndGlobalSection
	GlobalSection(SolutionProperties) = preSolution
		HideSolutionNode = FALSE
	EndGlobalSection
	GlobalSection(ExtensibilityGlobals) = postSolution
		SolutionGuid = {E3721EA3-C95A-4582-8062-2AAAAEF760FD}
	EndGlobalSection
EndGlobal
